
Microsoft Visual Studio Solution File, Format Version 12.00
# Visual Studio Version 17
VisualStudioVersion = 17.7.34202.233
MinimumVisualStudioVersion = 10.0.40219.1
Project("{FAE04EC0-301F-11D3-BF4B-00C04F79EFBC}") = "Practice MVVM Concept", "Practice MVVM Concept\Practice MVVM Concept.csproj", "{F182DCFD-714F-418B-B899-34AFD6B777E3}"
EndProject
Global
	GlobalSection(SolutionConfigurationPlatforms) = preSolution
		Debug|Any CPU = Debug|Any CPU
		Release|Any CPU = Release|Any CPU
	EndGlobalSection
	GlobalSection(ProjectConfigurationPlatforms) = postSolution
		{F182DCFD-714F-418B-B899-34AFD6B777E3}.Debug|Any CPU.ActiveCfg = Debug|Any CPU
		{F182DCFD-714F-418B-B899-34AFD6B777E3}.Debug|Any CPU.Build.0 = Debug|Any CPU
		{F182DCFD-714F-418B-B899-34AFD6B777E3}.Release|Any CPU.ActiveCfg = Release|Any CPU
		{F182DCFD-714F-418B-B899-34AFD6B777E3}.Release|Any CPU.Build.0 = Release|Any CPU
	EndGlobalSection
	GlobalSection(SolutionProperties) = preSolution
		HideSolutionNode = FALSE
	EndGlobalSection
	GlobalSection(ExtensibilityGlobals) = postSolution
		SolutionGuid = {C75EFAA6-C3CB-455C-9470-4E4EF09A647E}
	EndGlobalSection
EndGlobal
